
Microsoft Visual Studio Solution File, Format Version 12.00
# Visual Studio Version 17
VisualStudioVersion = 17.9.34728.123
MinimumVisualStudioVersion = 10.0.40219.1
Project("{FAE04EC0-301F-11D3-BF4B-00C04F79EFBC}") = "Watermark-Screen", "Watermark-Screen\Watermark-Screen.csproj", "{F4D3588E-EDF1-4CA0-B018-3D0B8332EA7D}"
EndProject
Global
	GlobalSection(SolutionConfigurationPlatforms) = preSolution
		Debug|Any CPU = Debug|Any CPU
		Release|Any CPU = Release|Any CPU
	EndGlobalSection
	GlobalSection(ProjectConfigurationPlatforms) = postSolution
		{F4D3588E-EDF1-4CA0-B018-3D0B8332EA7D}.Debug|Any CPU.ActiveCfg = Debug|Any CPU
		{F4D3588E-EDF1-4CA0-B018-3D0B8332EA7D}.Debug|Any CPU.Build.0 = Debug|Any CPU
		{F4D3588E-EDF1-4CA0-B018-3D0B8332EA7D}.Release|Any CPU.ActiveCfg = Release|Any CPU
		{F4D3588E-EDF1-4CA0-B018-3D0B8332EA7D}.Release|Any CPU.Build.0 = Release|Any CPU
	EndGlobalSection
	GlobalSection(SolutionProperties) = preSolution
		HideSolutionNode = FALSE
	EndGlobalSection
	GlobalSection(ExtensibilityGlobals) = postSolution
		SolutionGuid = {62FEC068-2086-4BA8-85CF-0FE4DF1EA94F}
	EndGlobalSection
EndGlobal
